
Microsoft Visual Studio Solution File, Format Version 12.00
# Visual Studio 14
VisualStudioVersion = 14.0.23107.0
MinimumVisualStudioVersion = 10.0.40219.1
Project("{FAE04EC0-301F-11D3-BF4B-00C04F79EFBC}") = "WorkFlowManager.Common", "WorkFlowManager.Common\WorkFlowManager.Common.csproj", "{619910D1-5409-4798-A643-03FD8270E01C}"
EndProject
Project("{FAE04EC0-301F-11D3-BF4B-00C04F79EFBC}") = "WorkFlowManager.Services", "WorkFlowManager.Services\WorkFlowManager.Services.csproj", "{40A870B8-9178-4CAB-9AD0-039FBB39A072}"
EndProject
Project("{FAE04EC0-301F-11D3-BF4B-00C04F79EFBC}") = "WorkFlowManager.Web", "WorkFlowManager.Web\WorkFlowManager.Web.csproj", "{6E9AB0AE-EADC-4C6B-BFE3-404E1F0BAF3E}"
EndProject
Global
	GlobalSection(SolutionConfigurationPlatforms) = preSolution
		Debug|Any CPU = Debug|Any CPU
		Release|Any CPU = Release|Any CPU
	EndGlobalSection
	GlobalSection(ProjectConfigurationPlatforms) = postSolution
		{619910D1-5409-4798-A643-03FD8270E01C}.Debug|Any CPU.ActiveCfg = Debug|Any CPU
		{619910D1-5409-4798-A643-03FD8270E01C}.Debug|Any CPU.Build.0 = Debug|Any CPU
		{619910D1-5409-4798-A643-03FD8270E01C}.Release|Any CPU.ActiveCfg = Release|Any CPU
		{619910D1-5409-4798-A643-03FD8270E01C}.Release|Any CPU.Build.0 = Release|Any CPU
		{40A870B8-9178-4CAB-9AD0-039FBB39A072}.Debug|Any CPU.ActiveCfg = Debug|Any CPU
		{40A870B8-9178-4CAB-9AD0-039FBB39A072}.Debug|Any CPU.Build.0 = Debug|Any CPU
		{40A870B8-9178-4CAB-9AD0-039FBB39A072}.Release|Any CPU.ActiveCfg = Release|Any CPU
		{40A870B8-9178-4CAB-9AD0-039FBB39A072}.Release|Any CPU.Build.0 = Release|Any CPU
		{6E9AB0AE-EADC-4C6B-BFE3-404E1F0BAF3E}.Debug|Any CPU.ActiveCfg = Debug|Any CPU
		{6E9AB0AE-EADC-4C6B-BFE3-404E1F0BAF3E}.Debug|Any CPU.Build.0 = Debug|Any CPU
		{6E9AB0AE-EADC-4C6B-BFE3-404E1F0BAF3E}.Release|Any CPU.ActiveCfg = Release|Any CPU
		{6E9AB0AE-EADC-4C6B-BFE3-404E1F0BAF3E}.Release|Any CPU.Build.0 = Release|Any CPU
	EndGlobalSection
	GlobalSection(SolutionProperties) = preSolution
		HideSolutionNode = FALSE
	EndGlobalSection
EndGlobal
